// !$*UTF8*$!
{
	archiveVersion = 1;
	classes = {
	};
	objectVersion = 46;
	objects = {

/* Begin PBXBuildFile section */
		2C117CEE1746518100E4096D /* BBAMLNodeStyle.m in Sources */ = {isa = PBXBuildFile; fileRef = 2C117CED1746518100E4096D /* BBAMLNodeStyle.m */; };
		2C3900DA173E4DF600561DB4 /* BBAMLNodeRoot.m in Sources */ = {isa = PBXBuildFile; fileRef = 2C3900D9173E4DF600561DB4 /* BBAMLNodeRoot.m */; };
		2C3900DD173E4E2500561DB4 /* BBAMLNodeMain.m in Sources */ = {isa = PBXBuildFile; fileRef = 2C3900DC173E4E2500561DB4 /* BBAMLNodeMain.m */; };
		2C3900E1173E4E4700561DB4 /* BBAMLNodeView.m in Sources */ = {isa = PBXBuildFile; fileRef = 2C3900E0173E4E4700561DB4 /* BBAMLNodeView.m */; };
		2C3900E4173E4E5300561DB4 /* BBAMLNodeInput.m in Sources */ = {isa = PBXBuildFile; fileRef = 2C3900E3173E4E5300561DB4 /* BBAMLNodeInput.m */; };
		2C3900E7173E4E6000561DB4 /* BBAMLNodeButton.m in Sources */ = {isa = PBXBuildFile; fileRef = 2C3900E6173E4E6000561DB4 /* BBAMLNodeButton.m */; };
		2C479EA7173F554900B53553 /* BBAMLStyleSheetParser.m in Sources */ = {isa = PBXBuildFile; fileRef = 2C479EA6173F554900B53553 /* BBAMLStyleSheetParser.m */; };
		2C8A423E176FF72E00C7CF66 /* BBAMLOperationEnd.m in Sources */ = {isa = PBXBuildFile; fileRef = 2C8A423D176FF72D00C7CF66 /* BBAMLOperationEnd.m */; };
		2C8F7CCA176F123F0091DFF1 /* BBAMLOperationMinus.m in Sources */ = {isa = PBXBuildFile; fileRef = 2C8F7CC9176F123F0091DFF1 /* BBAMLOperationMinus.m */; };
		2C8F7CCD176F16E70091DFF1 /* BBAMLOperationMultiply.m in Sources */ = {isa = PBXBuildFile; fileRef = 2C8F7CCC176F16E70091DFF1 /* BBAMLOperationMultiply.m */; };
		2C8F7CD0176F1E530091DFF1 /* BBAMLOperationDivide.m in Sources */ = {isa = PBXBuildFile; fileRef = 2C8F7CCF176F1E530091DFF1 /* BBAMLOperationDivide.m */; };
		2C9FB24E176DC2A700F9A7D2 /* BBAMLCalculator.m in Sources */ = {isa = PBXBuildFile; fileRef = 2C9FB24D176DC2A700F9A7D2 /* BBAMLCalculator.m */; };
		2C9FB253176DC3A000F9A7D2 /* BBAMLTypeNumber.m in Sources */ = {isa = PBXBuildFile; fileRef = 2C9FB252176DC3A000F9A7D2 /* BBAMLTypeNumber.m */; };
		2C9FB25A176DCB1800F9A7D2 /* BBAMLOperationAdd.m in Sources */ = {isa = PBXBuildFile; fileRef = 2C9FB259176DCB1800F9A7D2 /* BBAMLOperationAdd.m */; };
		2C9FB25D176DCBDA00F9A7D2 /* BBAMLOperationNone.m in Sources */ = {isa = PBXBuildFile; fileRef = 2C9FB25C176DCBDA00F9A7D2 /* BBAMLOperationNone.m */; };
		2C9FB260176DCC8A00F9A7D2 /* BBAMLTypeNone.m in Sources */ = {isa = PBXBuildFile; fileRef = 2C9FB25F176DCC8A00F9A7D2 /* BBAMLTypeNone.m */; };
		2CA302F717674E20005C5CE6 /* BBAMLAnimation.m in Sources */ = {isa = PBXBuildFile; fileRef = 2CA302F617674E20005C5CE6 /* BBAMLAnimation.m */; };
		2CAE8850175A168900339539 /* BBAMLConstantDictionary.m in Sources */ = {isa = PBXBuildFile; fileRef = 2CAE884F175A168900339539 /* BBAMLConstantDictionary.m */; };
		2CB722521747A800009FFFF3 /* BBAMLNodeLabel.m in Sources */ = {isa = PBXBuildFile; fileRef = 2CB722511747A800009FFFF3 /* BBAMLNodeLabel.m */; };
		2CE54B60173D1C0400CD4763 /* UIKit.framework in Frameworks */ = {isa = PBXBuildFile; fileRef = 2CE54B5F173D1C0400CD4763 /* UIKit.framework */; };
		2CE54B62173D1C0400CD4763 /* Foundation.framework in Frameworks */ = {isa = PBXBuildFile; fileRef = 2CE54B61173D1C0400CD4763 /* Foundation.framework */; };
		2CE54B64173D1C0400CD4763 /* CoreGraphics.framework in Frameworks */ = {isa = PBXBuildFile; fileRef = 2CE54B63173D1C0400CD4763 /* CoreGraphics.framework */; };
		2CE54B6A173D1C0400CD4763 /* InfoPlist.strings in Resources */ = {isa = PBXBuildFile; fileRef = 2CE54B68173D1C0400CD4763 /* InfoPlist.strings */; };
		2CE54B6C173D1C0400CD4763 /* main.m in Sources */ = {isa = PBXBuildFile; fileRef = 2CE54B6B173D1C0400CD4763 /* main.m */; };
		2CE54B70173D1C0400CD4763 /* BBAppDelegate.m in Sources */ = {isa = PBXBuildFile; fileRef = 2CE54B6F173D1C0400CD4763 /* BBAppDelegate.m */; };
		2CE54B72173D1C0400CD4763 /* Default.png in Resources */ = {isa = PBXBuildFile; fileRef = 2CE54B71173D1C0400CD4763 /* Default.png */; };
		2CE54B74173D1C0400CD4763 /* Default@2x.png in Resources */ = {isa = PBXBuildFile; fileRef = 2CE54B73173D1C0400CD4763 /* Default@2x.png */; };
		2CE54B76173D1C0400CD4763 /* Default-568h@2x.png in Resources */ = {isa = PBXBuildFile; fileRef = 2CE54B75173D1C0400CD4763 /* Default-568h@2x.png */; };
		2CE54B79173D1C0400CD4763 /* MainStoryboard_iPhone.storyboard in Resources */ = {isa = PBXBuildFile; fileRef = 2CE54B77173D1C0400CD4763 /* MainStoryboard_iPhone.storyboard */; };
		2CE54B7C173D1C0400CD4763 /* MainStoryboard_iPad.storyboard in Resources */ = {isa = PBXBuildFile; fileRef = 2CE54B7A173D1C0400CD4763 /* MainStoryboard_iPad.storyboard */; };
		2CE54B7F173D1C0400CD4763 /* BBViewController.m in Sources */ = {isa = PBXBuildFile; fileRef = 2CE54B7E173D1C0400CD4763 /* BBViewController.m */; };
		2CE54B86173D1E4E00CD4763 /* test.aml in Resources */ = {isa = PBXBuildFile; fileRef = 2CE54B85173D1E4E00CD4763 /* test.aml */; };
		2CE54B89173D1EB200CD4763 /* BBAMLViewer.m in Sources */ = {isa = PBXBuildFile; fileRef = 2CE54B88173D1EB200CD4763 /* BBAMLViewer.m */; };
		2CE54B8C173D255900CD4763 /* BBAMLDocumentNode.m in Sources */ = {isa = PBXBuildFile; fileRef = 2CE54B8B173D255900CD4763 /* BBAMLDocumentNode.m */; };
/* End PBXBuildFile section */

/* Begin PBXFileReference section */
		2C117CEC1746518100E4096D /* BBAMLNodeStyle.h */ = {isa = PBXFileReference; fileEncoding = 4; lastKnownFileType = sourcecode.c.h; path = BBAMLNodeStyle.h; sourceTree = "<group>"; };
		2C117CED1746518100E4096D /* BBAMLNodeStyle.m */ = {isa = PBXFileReference; fileEncoding = 4; lastKnownFileType = sourcecode.c.objc; path = BBAMLNodeStyle.m; sourceTree = "<group>"; };
		2C3900D8173E4DF600561DB4 /* BBAMLNodeRoot.h */ = {isa = PBXFileReference; fileEncoding = 4; lastKnownFileType = sourcecode.c.h; path = BBAMLNodeRoot.h; sourceTree = "<group>"; };
		2C3900D9173E4DF600561DB4 /* BBAMLNodeRoot.m */ = {isa = PBXFileReference; fileEncoding = 4; lastKnownFileType = sourcecode.c.objc; path = BBAMLNodeRoot.m; sourceTree = "<group>"; };
		2C3900DB173E4E2500561DB4 /* BBAMLNodeMain.h */ = {isa = PBXFileReference; fileEncoding = 4; lastKnownFileType = sourcecode.c.h; path = BBAMLNodeMain.h; sourceTree = "<group>"; };
		2C3900DC173E4E2500561DB4 /* BBAMLNodeMain.m */ = {isa = PBXFileReference; fileEncoding = 4; lastKnownFileType = sourcecode.c.objc; path = BBAMLNodeMain.m; sourceTree = "<group>"; };
		2C3900DF173E4E4700561DB4 /* BBAMLNodeView.h */ = {isa = PBXFileReference; fileEncoding = 4; lastKnownFileType = sourcecode.c.h; path = BBAMLNodeView.h; sourceTree = "<group>"; };
		2C3900E0173E4E4700561DB4 /* BBAMLNodeView.m */ = {isa = PBXFileReference; fileEncoding = 4; lastKnownFileType = sourcecode.c.objc; path = BBAMLNodeView.m; sourceTree = "<group>"; };
		2C3900E2173E4E5300561DB4 /* BBAMLNodeInput.h */ = {isa = PBXFileReference; fileEncoding = 4; lastKnownFileType = sourcecode.c.h; path = BBAMLNodeInput.h; sourceTree = "<group>"; };
		2C3900E3173E4E5300561DB4 /* BBAMLNodeInput.m */ = {isa = PBXFileReference; fileEncoding = 4; lastKnownFileType = sourcecode.c.objc; path = BBAMLNodeInput.m; sourceTree = "<group>"; };
		2C3900E5173E4E6000561DB4 /* BBAMLNodeButton.h */ = {isa = PBXFileReference; fileEncoding = 4; lastKnownFileType = sourcecode.c.h; path = BBAMLNodeButton.h; sourceTree = "<group>"; };
		2C3900E6173E4E6000561DB4 /* BBAMLNodeButton.m */ = {isa = PBXFileReference; fileEncoding = 4; lastKnownFileType = sourcecode.c.objc; path = BBAMLNodeButton.m; sourceTree = "<group>"; };
		2C479EA5173F554900B53553 /* BBAMLStyleSheetParser.h */ = {isa = PBXFileReference; fileEncoding = 4; lastKnownFileType = sourcecode.c.h; path = BBAMLStyleSheetParser.h; sourceTree = "<group>"; };
		2C479EA6173F554900B53553 /* BBAMLStyleSheetParser.m */ = {isa = PBXFileReference; fileEncoding = 4; lastKnownFileType = sourcecode.c.objc; path = BBAMLStyleSheetParser.m; sourceTree = "<group>"; };
		2C8A423C176FF72D00C7CF66 /* BBAMLOperationEnd.h */ = {isa = PBXFileReference; fileEncoding = 4; lastKnownFileType = sourcecode.c.h; path = BBAMLOperationEnd.h; sourceTree = "<group>"; };
		2C8A423D176FF72D00C7CF66 /* BBAMLOperationEnd.m */ = {isa = PBXFileReference; fileEncoding = 4; lastKnownFileType = sourcecode.c.objc; path = BBAMLOperationEnd.m; sourceTree = "<group>"; };
		2C8F7CC8176F123F0091DFF1 /* BBAMLOperationMinus.h */ = {isa = PBXFileReference; fileEncoding = 4; lastKnownFileType = sourcecode.c.h; path = BBAMLOperationMinus.h; sourceTree = "<group>"; };
		2C8F7CC9176F123F0091DFF1 /* BBAMLOperationMinus.m */ = {isa = PBXFileReference; fileEncoding = 4; lastKnownFileType = sourcecode.c.objc; path = BBAMLOperationMinus.m; sourceTree = "<group>"; };
		2C8F7CCB176F16E70091DFF1 /* BBAMLOperationMultiply.h */ = {isa = PBXFileReference; fileEncoding = 4; lastKnownFileType = sourcecode.c.h; path = BBAMLOperationMultiply.h; sourceTree = "<group>"; };
		2C8F7CCC176F16E70091DFF1 /* BBAMLOperationMultiply.m */ = {isa = PBXFileReference; fileEncoding = 4; lastKnownFileType = sourcecode.c.objc; path = BBAMLOperationMultiply.m; sourceTree = "<group>"; };
		2C8F7CCE176F1E530091DFF1 /* BBAMLOperationDivide.h */ = {isa = PBXFileReference; fileEncoding = 4; lastKnownFileType = sourcecode.c.h; path = BBAMLOperationDivide.h; sourceTree = "<group>"; };
		2C8F7CCF176F1E530091DFF1 /* BBAMLOperationDivide.m */ = {isa = PBXFileReference; fileEncoding = 4; lastKnownFileType = sourcecode.c.objc; path = BBAMLOperationDivide.m; sourceTree = "<group>"; };
		2C9FB24C176DC2A700F9A7D2 /* BBAMLCalculator.h */ = {isa = PBXFileReference; fileEncoding = 4; lastKnownFileType = sourcecode.c.h; path = BBAMLCalculator.h; sourceTree = "<group>"; };
		2C9FB24D176DC2A700F9A7D2 /* BBAMLCalculator.m */ = {isa = PBXFileReference; fileEncoding = 4; lastKnownFileType = sourcecode.c.objc; path = BBAMLCalculator.m; sourceTree = "<group>"; };
		2C9FB250176DC38200F9A7D2 /* BBAMLObjectType.h */ = {isa = PBXFileReference; lastKnownFileType = sourcecode.c.h; path = BBAMLObjectType.h; sourceTree = "<group>"; };
		2C9FB251176DC3A000F9A7D2 /* BBAMLTypeNumber.h */ = {isa = PBXFileReference; fileEncoding = 4; lastKnownFileType = sourcecode.c.h; path = BBAMLTypeNumber.h; sourceTree = "<group>"; };
		2C9FB252176DC3A000F9A7D2 /* BBAMLTypeNumber.m */ = {isa = PBXFileReference; fileEncoding = 4; lastKnownFileType = sourcecode.c.objc; path = BBAMLTypeNumber.m; sourceTree = "<group>"; };
		2C9FB256176DCAF000F9A7D2 /* BBAMLOperation.h */ = {isa = PBXFileReference; lastKnownFileType = sourcecode.c.h; path = BBAMLOperation.h; sourceTree = "<group>"; };
		2C9FB258176DCB1800F9A7D2 /* BBAMLOperationAdd.h */ = {isa = PBXFileReference; fileEncoding = 4; lastKnownFileType = sourcecode.c.h; path = BBAMLOperationAdd.h; sourceTree = "<group>"; };
		2C9FB259176DCB1800F9A7D2 /* BBAMLOperationAdd.m */ = {isa = PBXFileReference; fileEncoding = 4; lastKnownFileType = sourcecode.c.objc; path = BBAMLOperationAdd.m; sourceTree = "<group>"; };
		2C9FB25B176DCBDA00F9A7D2 /* BBAMLOperationNone.h */ = {isa = PBXFileReference; fileEncoding = 4; lastKnownFileType = sourcecode.c.h; path = BBAMLOperationNone.h; sourceTree = "<group>"; };
		2C9FB25C176DCBDA00F9A7D2 /* BBAMLOperationNone.m */ = {isa = PBXFileReference; fileEncoding = 4; lastKnownFileType = sourcecode.c.objc; path = BBAMLOperationNone.m; sourceTree = "<group>"; };
		2C9FB25E176DCC8A00F9A7D2 /* BBAMLTypeNone.h */ = {isa = PBXFileReference; fileEncoding = 4; lastKnownFileType = sourcecode.c.h; path = BBAMLTypeNone.h; sourceTree = "<group>"; };
		2C9FB25F176DCC8A00F9A7D2 /* BBAMLTypeNone.m */ = {isa = PBXFileReference; fileEncoding = 4; lastKnownFileType = sourcecode.c.objc; path = BBAMLTypeNone.m; sourceTree = "<group>"; };
		2CA302F517674E20005C5CE6 /* BBAMLAnimation.h */ = {isa = PBXFileReference; fileEncoding = 4; lastKnownFileType = sourcecode.c.h; path = BBAMLAnimation.h; sourceTree = "<group>"; };
		2CA302F617674E20005C5CE6 /* BBAMLAnimation.m */ = {isa = PBXFileReference; fileEncoding = 4; lastKnownFileType = sourcecode.c.objc; path = BBAMLAnimation.m; sourceTree = "<group>"; };
		2CAE884E175A168900339539 /* BBAMLConstantDictionary.h */ = {isa = PBXFileReference; fileEncoding = 4; lastKnownFileType = sourcecode.c.h; path = BBAMLConstantDictionary.h; sourceTree = "<group>"; };
		2CAE884F175A168900339539 /* BBAMLConstantDictionary.m */ = {isa = PBXFileReference; fileEncoding = 4; lastKnownFileType = sourcecode.c.objc; path = BBAMLConstantDictionary.m; sourceTree = "<group>"; };
		2CB722501747A800009FFFF3 /* BBAMLNodeLabel.h */ = {isa = PBXFileReference; fileEncoding = 4; lastKnownFileType = sourcecode.c.h; path = BBAMLNodeLabel.h; sourceTree = "<group>"; };
		2CB722511747A800009FFFF3 /* BBAMLNodeLabel.m */ = {isa = PBXFileReference; fileEncoding = 4; lastKnownFileType = sourcecode.c.objc; path = BBAMLNodeLabel.m; sourceTree = "<group>"; };
		2CE54B5C173D1C0400CD4763 /* AML.app */ = {isa = PBXFileReference; explicitFileType = wrapper.application; includeInIndex = 0; path = AML.app; sourceTree = BUILT_PRODUCTS_DIR; };
		2CE54B5F173D1C0400CD4763 /* UIKit.framework */ = {isa = PBXFileReference; lastKnownFileType = wrapper.framework; name = UIKit.framework; path = System/Library/Frameworks/UIKit.framework; sourceTree = SDKROOT; };
		2CE54B61173D1C0400CD4763 /* Foundation.framework */ = {isa = PBXFileReference; lastKnownFileType = wrapper.framework; name = Foundation.framework; path = System/Library/Frameworks/Foundation.framework; sourceTree = SDKROOT; };
		2CE54B63173D1C0400CD4763 /* CoreGraphics.framework */ = {isa = PBXFileReference; lastKnownFileType = wrapper.framework; name = CoreGraphics.framework; path = System/Library/Frameworks/CoreGraphics.framework; sourceTree = SDKROOT; };
		2CE54B67173D1C0400CD4763 /* AML-Info.plist */ = {isa = PBXFileReference; lastKnownFileType = text.plist.xml; path = "AML-Info.plist"; sourceTree = "<group>"; };
		2CE54B69173D1C0400CD4763 /* en */ = {isa = PBXFileReference; lastKnownFileType = text.plist.strings; name = en; path = en.lproj/InfoPlist.strings; sourceTree = "<group>"; };
		2CE54B6B173D1C0400CD4763 /* main.m */ = {isa = PBXFileReference; lastKnownFileType = sourcecode.c.objc; path = main.m; sourceTree = "<group>"; };
		2CE54B6D173D1C0400CD4763 /* AML-Prefix.pch */ = {isa = PBXFileReference; lastKnownFileType = sourcecode.c.h; path = "AML-Prefix.pch"; sourceTree = "<group>"; };
		2CE54B6E173D1C0400CD4763 /* BBAppDelegate.h */ = {isa = PBXFileReference; lastKnownFileType = sourcecode.c.h; path = BBAppDelegate.h; sourceTree = "<group>"; };
		2CE54B6F173D1C0400CD4763 /* BBAppDelegate.m */ = {isa = PBXFileReference; lastKnownFileType = sourcecode.c.objc; path = BBAppDelegate.m; sourceTree = "<group>"; };
		2CE54B71173D1C0400CD4763 /* Default.png */ = {isa = PBXFileReference; lastKnownFileType = image.png; path = Default.png; sourceTree = "<group>"; };
		2CE54B73173D1C0400CD4763 /* Default@2x.png */ = {isa = PBXFileReference; lastKnownFileType = image.png; path = "Default@2x.png"; sourceTree = "<group>"; };
		2CE54B75173D1C0400CD4763 /* Default-568h@2x.png */ = {isa = PBXFileReference; lastKnownFileType = image.png; path = "Default-568h@2x.png"; sourceTree = "<group>"; };
		2CE54B78173D1C0400CD4763 /* en */ = {isa = PBXFileReference; lastKnownFileType = file.storyboard; name = en; path = en.lproj/MainStoryboard_iPhone.storyboard; sourceTree = "<group>"; };
		2CE54B7B173D1C0400CD4763 /* en */ = {isa = PBXFileReference; lastKnownFileType = file.storyboard; name = en; path = en.lproj/MainStoryboard_iPad.storyboard; sourceTree = "<group>"; };
		2CE54B7D173D1C0400CD4763 /* BBViewController.h */ = {isa = PBXFileReference; lastKnownFileType = sourcecode.c.h; path = BBViewController.h; sourceTree = "<group>"; };
		2CE54B7E173D1C0400CD4763 /* BBViewController.m */ = {isa = PBXFileReference; lastKnownFileType = sourcecode.c.objc; path = BBViewController.m; sourceTree = "<group>"; };
		2CE54B85173D1E4E00CD4763 /* test.aml */ = {isa = PBXFileReference; fileEncoding = 4; lastKnownFileType = text; path = test.aml; sourceTree = "<group>"; };
		2CE54B87173D1EB200CD4763 /* BBAMLViewer.h */ = {isa = PBXFileReference; fileEncoding = 4; lastKnownFileType = sourcecode.c.h; path = BBAMLViewer.h; sourceTree = "<group>"; };
		2CE54B88173D1EB200CD4763 /* BBAMLViewer.m */ = {isa = PBXFileReference; fileEncoding = 4; lastKnownFileType = sourcecode.c.objc; path = BBAMLViewer.m; sourceTree = "<group>"; };
		2CE54B8A173D255900CD4763 /* BBAMLDocumentNode.h */ = {isa = PBXFileReference; fileEncoding = 4; lastKnownFileType = sourcecode.c.h; path = BBAMLDocumentNode.h; sourceTree = "<group>"; };
		2CE54B8B173D255900CD4763 /* BBAMLDocumentNode.m */ = {isa = PBXFileReference; fileEncoding = 4; lastKnownFileType = sourcecode.c.objc; path = BBAMLDocumentNode.m; sourceTree = "<group>"; };
/* End PBXFileReference section */

/* Begin PBXFrameworksBuildPhase section */
		2CE54B59173D1C0400CD4763 /* Frameworks */ = {
			isa = PBXFrameworksBuildPhase;
			buildActionMask = 2147483647;
			files = (
				2CE54B60173D1C0400CD4763 /* UIKit.framework in Frameworks */,
				2CE54B62173D1C0400CD4763 /* Foundation.framework in Frameworks */,
				2CE54B64173D1C0400CD4763 /* CoreGraphics.framework in Frameworks */,
			);
			runOnlyForDeploymentPostprocessing = 0;
		};
/* End PBXFrameworksBuildPhase section */

/* Begin PBXGroup section */
		2C3900D7173E4DB700561DB4 /* Nodes */ = {
			isa = PBXGroup;
			children = (
				2C3900D8173E4DF600561DB4 /* BBAMLNodeRoot.h */,
				2C3900D9173E4DF600561DB4 /* BBAMLNodeRoot.m */,
				2C3900DB173E4E2500561DB4 /* BBAMLNodeMain.h */,
				2C3900DC173E4E2500561DB4 /* BBAMLNodeMain.m */,
				2C3900DF173E4E4700561DB4 /* BBAMLNodeView.h */,
				2C3900E0173E4E4700561DB4 /* BBAMLNodeView.m */,
				2C3900E2173E4E5300561DB4 /* BBAMLNodeInput.h */,
				2C3900E3173E4E5300561DB4 /* BBAMLNodeInput.m */,
				2C3900E5173E4E6000561DB4 /* BBAMLNodeButton.h */,
				2C3900E6173E4E6000561DB4 /* BBAMLNodeButton.m */,
				2C117CEC1746518100E4096D /* BBAMLNodeStyle.h */,
				2C117CED1746518100E4096D /* BBAMLNodeStyle.m */,
				2CB722501747A800009FFFF3 /* BBAMLNodeLabel.h */,
				2CB722511747A800009FFFF3 /* BBAMLNodeLabel.m */,
			);
			name = Nodes;
			sourceTree = "<group>";
		};
		2C9FB24F176DC2E800F9A7D2 /* Types */ = {
			isa = PBXGroup;
			children = (
				2C9FB251176DC3A000F9A7D2 /* BBAMLTypeNumber.h */,
				2C9FB252176DC3A000F9A7D2 /* BBAMLTypeNumber.m */,
				2C9FB25E176DCC8A00F9A7D2 /* BBAMLTypeNone.h */,
				2C9FB25F176DCC8A00F9A7D2 /* BBAMLTypeNone.m */,
			);
			name = Types;
			sourceTree = "<group>";
		};
		2C9FB257176DCAF500F9A7D2 /* Operations */ = {
			isa = PBXGroup;
			children = (
				2C9FB258176DCB1800F9A7D2 /* BBAMLOperationAdd.h */,
				2C9FB259176DCB1800F9A7D2 /* BBAMLOperationAdd.m */,
				2C9FB25B176DCBDA00F9A7D2 /* BBAMLOperationNone.h */,
				2C9FB25C176DCBDA00F9A7D2 /* BBAMLOperationNone.m */,
				2C8F7CC8176F123F0091DFF1 /* BBAMLOperationMinus.h */,
				2C8F7CC9176F123F0091DFF1 /* BBAMLOperationMinus.m */,
				2C8F7CCB176F16E70091DFF1 /* BBAMLOperationMultiply.h */,
				2C8F7CCC176F16E70091DFF1 /* BBAMLOperationMultiply.m */,
				2C8F7CCE176F1E530091DFF1 /* BBAMLOperationDivide.h */,
				2C8F7CCF176F1E530091DFF1 /* BBAMLOperationDivide.m */,
				2C8A423C176FF72D00C7CF66 /* BBAMLOperationEnd.h */,
				2C8A423D176FF72D00C7CF66 /* BBAMLOperationEnd.m */,
			);
			name = Operations;
			sourceTree = "<group>";
		};
		2CE54B53173D1C0400CD4763 = {
			isa = PBXGroup;
			children = (
				2CE54B65173D1C0400CD4763 /* AML */,
				2CE54B5E173D1C0400CD4763 /* Frameworks */,
				2CE54B5D173D1C0400CD4763 /* Products */,
			);
			sourceTree = "<group>";
		};
		2CE54B5D173D1C0400CD4763 /* Products */ = {
			isa = PBXGroup;
			children = (
				2CE54B5C173D1C0400CD4763 /* AML.app */,
			);
			name = Products;
			sourceTree = "<group>";
		};
		2CE54B5E173D1C0400CD4763 /* Frameworks */ = {
			isa = PBXGroup;
			children = (
				2CE54B5F173D1C0400CD4763 /* UIKit.framework */,
				2CE54B61173D1C0400CD4763 /* Foundation.framework */,
				2CE54B63173D1C0400CD4763 /* CoreGraphics.framework */,
			);
			name = Frameworks;
			sourceTree = "<group>";
		};
		2CE54B65173D1C0400CD4763 /* AML */ = {
			isa = PBXGroup;
			children = (
				2CA302F517674E20005C5CE6 /* BBAMLAnimation.h */,
				2CA302F617674E20005C5CE6 /* BBAMLAnimation.m */,
				2C9FB24C176DC2A700F9A7D2 /* BBAMLCalculator.h */,
				2C9FB24D176DC2A700F9A7D2 /* BBAMLCalculator.m */,
				2CAE884E175A168900339539 /* BBAMLConstantDictionary.h */,
				2CAE884F175A168900339539 /* BBAMLConstantDictionary.m */,
				2CE54B8A173D255900CD4763 /* BBAMLDocumentNode.h */,
				2CE54B8B173D255900CD4763 /* BBAMLDocumentNode.m */,
				2C9FB250176DC38200F9A7D2 /* BBAMLObjectType.h */,
				2C9FB256176DCAF000F9A7D2 /* BBAMLOperation.h */,
				2C479EA5173F554900B53553 /* BBAMLStyleSheetParser.h */,
				2C479EA6173F554900B53553 /* BBAMLStyleSheetParser.m */,
				2CE54B87173D1EB200CD4763 /* BBAMLViewer.h */,
				2CE54B88173D1EB200CD4763 /* BBAMLViewer.m */,
				2CE54B6E173D1C0400CD4763 /* BBAppDelegate.h */,
				2CE54B6F173D1C0400CD4763 /* BBAppDelegate.m */,
				2CE54B7D173D1C0400CD4763 /* BBViewController.h */,
				2CE54B7E173D1C0400CD4763 /* BBViewController.m */,
				2CE54B7A173D1C0400CD4763 /* MainStoryboard_iPad.storyboard */,
				2CE54B77173D1C0400CD4763 /* MainStoryboard_iPhone.storyboard */,
				2C3900D7173E4DB700561DB4 /* Nodes */,
				2C9FB257176DCAF500F9A7D2 /* Operations */,
				2CE54B66173D1C0400CD4763 /* Supporting Files */,
				2C9FB24F176DC2E800F9A7D2 /* Types */,
			);
			path = AML;
			sourceTree = "<group>";
		};
		2CE54B66173D1C0400CD4763 /* Supporting Files */ = {
			isa = PBXGroup;
			children = (
				2CE54B85173D1E4E00CD4763 /* test.aml */,
				2CE54B67173D1C0400CD4763 /* AML-Info.plist */,
				2CE54B68173D1C0400CD4763 /* InfoPlist.strings */,
				2CE54B6B173D1C0400CD4763 /* main.m */,
				2CE54B6D173D1C0400CD4763 /* AML-Prefix.pch */,
				2CE54B71173D1C0400CD4763 /* Default.png */,
				2CE54B73173D1C0400CD4763 /* Default@2x.png */,
				2CE54B75173D1C0400CD4763 /* Default-568h@2x.png */,
			);
			name = "Supporting Files";
			sourceTree = "<group>";
		};
/* End PBXGroup section */

/* Begin PBXNativeTarget section */
		2CE54B5B173D1C0400CD4763 /* AML */ = {
			isa = PBXNativeTarget;
			buildConfigurationList = 2CE54B82173D1C0400CD4763 /* Build configuration list for PBXNativeTarget "AML" */;
			buildPhases = (
				2CE54B58173D1C0400CD4763 /* Sources */,
				2CE54B59173D1C0400CD4763 /* Frameworks */,
				2CE54B5A173D1C0400CD4763 /* Resources */,
			);
			buildRules = (
			);
			dependencies = (
			);
			name = AML;
			productName = AML;
			productReference = 2CE54B5C173D1C0400CD4763 /* AML.app */;
			productType = "com.apple.product-type.application";
		};
/* End PBXNativeTarget section */

/* Begin PBXProject section */
		2CE54B54173D1C0400CD4763 /* Project object */ = {
			isa = PBXProject;
			attributes = {
				CLASSPREFIX = BB;
				LastUpgradeCheck = 0460;
				ORGANIZATIONNAME = beanandbean;
			};
			buildConfigurationList = 2CE54B57173D1C0400CD4763 /* Build configuration list for PBXProject "AML" */;
			compatibilityVersion = "Xcode 3.2";
			developmentRegion = English;
			hasScannedForEncodings = 0;
			knownRegions = (
				en,
			);
			mainGroup = 2CE54B53173D1C0400CD4763;
			productRefGroup = 2CE54B5D173D1C0400CD4763 /* Products */;
			projectDirPath = "";
			projectRoot = "";
			targets = (
				2CE54B5B173D1C0400CD4763 /* AML */,
			);
		};
/* End PBXProject section */

/* Begin PBXResourcesBuildPhase section */
		2CE54B5A173D1C0400CD4763 /* Resources */ = {
			isa = PBXResourcesBuildPhase;
			buildActionMask = 2147483647;
			files = (
				2CE54B6A173D1C0400CD4763 /* InfoPlist.strings in Resources */,
				2CE54B72173D1C0400CD4763 /* Default.png in Resources */,
				2CE54B74173D1C0400CD4763 /* Default@2x.png in Resources */,
				2CE54B76173D1C0400CD4763 /* Default-568h@2x.png in Resources */,
				2CE54B79173D1C0400CD4763 /* MainStoryboard_iPhone.storyboard in Resources */,
				2CE54B7C173D1C0400CD4763 /* MainStoryboard_iPad.storyboard in Resources */,
				2CE54B86173D1E4E00CD4763 /* test.aml in Resources */,
			);
			runOnlyForDeploymentPostprocessing = 0;
		};
/* End PBXResourcesBuildPhase section */

/* Begin PBXSourcesBuildPhase section */
		2CE54B58173D1C0400CD4763 /* Sources */ = {
			isa = PBXSourcesBuildPhase;
			buildActionMask = 2147483647;
			files = (
				2CE54B6C173D1C0400CD4763 /* main.m in Sources */,
				2CE54B70173D1C0400CD4763 /* BBAppDelegate.m in Sources */,
				2CE54B7F173D1C0400CD4763 /* BBViewController.m in Sources */,
				2CE54B89173D1EB200CD4763 /* BBAMLViewer.m in Sources */,
				2CE54B8C173D255900CD4763 /* BBAMLDocumentNode.m in Sources */,
				2C3900DA173E4DF600561DB4 /* BBAMLNodeRoot.m in Sources */,
				2C3900DD173E4E2500561DB4 /* BBAMLNodeMain.m in Sources */,
				2C3900E1173E4E4700561DB4 /* BBAMLNodeView.m in Sources */,
				2C3900E4173E4E5300561DB4 /* BBAMLNodeInput.m in Sources */,
				2C3900E7173E4E6000561DB4 /* BBAMLNodeButton.m in Sources */,
				2C479EA7173F554900B53553 /* BBAMLStyleSheetParser.m in Sources */,
				2C117CEE1746518100E4096D /* BBAMLNodeStyle.m in Sources */,
				2CB722521747A800009FFFF3 /* BBAMLNodeLabel.m in Sources */,
				2CAE8850175A168900339539 /* BBAMLConstantDictionary.m in Sources */,
				2CA302F717674E20005C5CE6 /* BBAMLAnimation.m in Sources */,
				2C9FB24E176DC2A700F9A7D2 /* BBAMLCalculator.m in Sources */,
				2C9FB253176DC3A000F9A7D2 /* BBAMLTypeNumber.m in Sources */,
				2C9FB25A176DCB1800F9A7D2 /* BBAMLOperationAdd.m in Sources */,
				2C9FB25D176DCBDA00F9A7D2 /* BBAMLOperationNone.m in Sources */,
				2C9FB260176DCC8A00F9A7D2 /* BBAMLTypeNone.m in Sources */,
				2C8F7CCA176F123F0091DFF1 /* BBAMLOperationMinus.m in Sources */,
				2C8F7CCD176F16E70091DFF1 /* BBAMLOperationMultiply.m in Sources */,
				2C8F7CD0176F1E530091DFF1 /* BBAMLOperationDivide.m in Sources */,
				2C8A423E176FF72E00C7CF66 /* BBAMLOperationEnd.m in Sources */,
			);
			runOnlyForDeploymentPostprocessing = 0;
		};
/* End PBXSourcesBuildPhase section */

/* Begin PBXVariantGroup section */
		2CE54B68173D1C0400CD4763 /* InfoPlist.strings */ = {
			isa = PBXVariantGroup;
			children = (
				2CE54B69173D1C0400CD4763 /* en */,
			);
			name = InfoPlist.strings;
			sourceTree = "<group>";
		};
		2CE54B77173D1C0400CD4763 /* MainStoryboard_iPhone.storyboard */ = {
			isa = PBXVariantGroup;
			children = (
				2CE54B78173D1C0400CD4763 /* en */,
			);
			name = MainStoryboard_iPhone.storyboard;
			sourceTree = "<group>";
		};
		2CE54B7A173D1C0400CD4763 /* MainStoryboard_iPad.storyboard */ = {
			isa = PBXVariantGroup;
			children = (
				2CE54B7B173D1C0400CD4763 /* en */,
			);
			name = MainStoryboard_iPad.storyboard;
			sourceTree = "<group>";
		};
/* End PBXVariantGroup section */

/* Begin XCBuildConfiguration section */
		2CE54B80173D1C0400CD4763 /* Debug */ = {
			isa = XCBuildConfiguration;
			buildSettings = {
				ALWAYS_SEARCH_USER_PATHS = NO;
				CLANG_CXX_LANGUAGE_STANDARD = "gnu++0x";
				CLANG_CXX_LIBRARY = "libc++";
				CLANG_ENABLE_OBJC_ARC = YES;
				CLANG_WARN_CONSTANT_CONVERSION = YES;
				CLANG_WARN_EMPTY_BODY = YES;
				CLANG_WARN_ENUM_CONVERSION = YES;
				CLANG_WARN_INT_CONVERSION = YES;
				CLANG_WARN__DUPLICATE_METHOD_MATCH = YES;
				"CODE_SIGN_IDENTITY[sdk=iphoneos*]" = "iPhone Developer";
				COPY_PHASE_STRIP = NO;
				GCC_C_LANGUAGE_STANDARD = gnu99;
				GCC_DYNAMIC_NO_PIC = NO;
				GCC_OPTIMIZATION_LEVEL = 0;
				GCC_PREPROCESSOR_DEFINITIONS = (
					"DEBUG=1",
					"$(inherited)",
				);
				GCC_SYMBOLS_PRIVATE_EXTERN = NO;
				GCC_WARN_ABOUT_RETURN_TYPE = YES;
				GCC_WARN_UNINITIALIZED_AUTOS = YES;
				GCC_WARN_UNUSED_VARIABLE = YES;
				IPHONEOS_DEPLOYMENT_TARGET = 6.1;
				ONLY_ACTIVE_ARCH = YES;
				SDKROOT = iphoneos;
				TARGETED_DEVICE_FAMILY = "1,2";
			};
			name = Debug;
		};
		2CE54B81173D1C0400CD4763 /* Release */ = {
			isa = XCBuildConfiguration;
			buildSettings = {
				ALWAYS_SEARCH_USER_PATHS = NO;
				CLANG_CXX_LANGUAGE_STANDARD = "gnu++0x";
				CLANG_CXX_LIBRARY = "libc++";
				CLANG_ENABLE_OBJC_ARC = YES;
				CLANG_WARN_CONSTANT_CONVERSION = YES;
				CLANG_WARN_EMPTY_BODY = YES;
				CLANG_WARN_ENUM_CONVERSION = YES;
				CLANG_WARN_INT_CONVERSION = YES;
				CLANG_WARN__DUPLICATE_METHOD_MATCH = YES;
				"CODE_SIGN_IDENTITY[sdk=iphoneos*]" = "iPhone Developer";
				COPY_PHASE_STRIP = YES;
				GCC_C_LANGUAGE_STANDARD = gnu99;
				GCC_WARN_ABOUT_RETURN_TYPE = YES;
				GCC_WARN_UNINITIALIZED_AUTOS = YES;
				GCC_WARN_UNUSED_VARIABLE = YES;
				IPHONEOS_DEPLOYMENT_TARGET = 6.1;
				OTHER_CFLAGS = "-DNS_BLOCK_ASSERTIONS=1";
				SDKROOT = iphoneos;
				TARGETED_DEVICE_FAMILY = "1,2";
				VALIDATE_PRODUCT = YES;
			};
			name = Release;
		};
		2CE54B83173D1C0400CD4763 /* Debug */ = {
			isa = XCBuildConfiguration;
			buildSettings = {
				GCC_PRECOMPILE_PREFIX_HEADER = YES;
				GCC_PREFIX_HEADER = "AML/AML-Prefix.pch";
				INFOPLIST_FILE = "AML/AML-Info.plist";
				PRODUCT_NAME = "$(TARGET_NAME)";
				WRAPPER_EXTENSION = app;
			};
			name = Debug;
		};
		2CE54B84173D1C0400CD4763 /* Release */ = {
			isa = XCBuildConfiguration;
			buildSettings = {
				GCC_PRECOMPILE_PREFIX_HEADER = YES;
				GCC_PREFIX_HEADER = "AML/AML-Prefix.pch";
				INFOPLIST_FILE = "AML/AML-Info.plist";
				PRODUCT_NAME = "$(TARGET_NAME)";
				WRAPPER_EXTENSION = app;
			};
			name = Release;
		};
/* End XCBuildConfiguration section */

/* Begin XCConfigurationList section */
		2CE54B57173D1C0400CD4763 /* Build configuration list for PBXProject "AML" */ = {
			isa = XCConfigurationList;
			buildConfigurations = (
				2CE54B80173D1C0400CD4763 /* Debug */,
				2CE54B81173D1C0400CD4763 /* Release */,
			);
			defaultConfigurationIsVisible = 0;
			defaultConfigurationName = Release;
		};
		2CE54B82173D1C0400CD4763 /* Build configuration list for PBXNativeTarget "AML" */ = {
			isa = XCConfigurationList;
			buildConfigurations = (
				2CE54B83173D1C0400CD4763 /* Debug */,
				2CE54B84173D1C0400CD4763 /* Release */,
			);
			defaultConfigurationIsVisible = 0;
			defaultConfigurationName = Release;
		};
/* End XCConfigurationList section */
	};
	rootObject = 2CE54B54173D1C0400CD4763 /* Project object */;
}
